
Microsoft Visual Studio Solution File, Format Version 12.00
# Visual Studio 15
VisualStudioVersion = 15.0.27004.2010
MinimumVisualStudioVersion = 10.0.40219.1
Project("{9A19103F-16F7-4668-BE54-9A1E7A4F7556}") = "xyj.core", "xyj.core\xyj.core.csproj", "{C183BD9A-418B-4250-A5ED-AC4B53F06CCF}"
EndProject
Project("{9A19103F-16F7-4668-BE54-9A1E7A4F7556}") = "xyj.acs", "xyj.acs\xyj.acs.csproj", "{EF3478C4-3EA0-4637-8FAB-5BC7027377B0}"
EndProject
Project("{9A19103F-16F7-4668-BE54-9A1E7A4F7556}") = "Web", "Web\Web.csproj", "{10036D33-4B48-4F97-BCE2-A35464B3F8FC}"
EndProject
Project("{E24C65DC-7377-472B-9ABA-BC803B73C61A}") = "html", "html\", "{F7576B70-D539-47A8-9F85-52E71991A515}"
	ProjectSection(WebsiteProperties) = preProject
		TargetFrameworkMoniker = ".NETFramework,Version%3Dv4.5"
		Debug.AspNetCompiler.VirtualPath = "/localhost_16421"
		Debug.AspNetCompiler.PhysicalPath = "html\"
		Debug.AspNetCompiler.TargetPath = "PrecompiledWeb\localhost_16421\"
		Debug.AspNetCompiler.Updateable = "true"
		Debug.AspNetCompiler.ForceOverwrite = "true"
		Debug.AspNetCompiler.FixedNames = "false"
		Debug.AspNetCompiler.Debug = "True"
		Release.AspNetCompiler.VirtualPath = "/localhost_16421"
		Release.AspNetCompiler.PhysicalPath = "html\"
		Release.AspNetCompiler.TargetPath = "PrecompiledWeb\localhost_16421\"
		Release.AspNetCompiler.Updateable = "true"
		Release.AspNetCompiler.ForceOverwrite = "true"
		Release.AspNetCompiler.FixedNames = "false"
		Release.AspNetCompiler.Debug = "False"
		VWDPort = "16421"
		SlnRelativePath = "html\"
	EndProjectSection
EndProject
Project("{9A19103F-16F7-4668-BE54-9A1E7A4F7556}") = "xyj.study", "xyj.study\xyj.study.csproj", "{6CC13D43-4AA5-4F71-8CAA-6C056BDA3498}"
EndProject
Project("{9A19103F-16F7-4668-BE54-9A1E7A4F7556}") = "erp.invoicing", "erp.invoicing\erp.invoicing.csproj", "{08226A34-7E71-421A-9391-AC3D57DB66F6}"
EndProject
Project("{E24C65DC-7377-472B-9ABA-BC803B73C61A}") = "dist", "C:\Users\Yingjie\Desktop\新建文件夹\后台模板universe\dist\", "{21590873-85C6-4FA0-857D-BD4A1335C85D}"
	ProjectSection(WebsiteProperties) = preProject
		TargetFrameworkMoniker = ".NETFramework,Version%3Dv4.0"
		Debug.AspNetCompiler.VirtualPath = "/localhost_61738"
		Debug.AspNetCompiler.PhysicalPath = "C:\Users\Yingjie\Desktop\新建文件夹\后台模板universe\dist\"
		Debug.AspNetCompiler.TargetPath = "PrecompiledWeb\localhost_61738\"
		Debug.AspNetCompiler.Updateable = "true"
		Debug.AspNetCompiler.ForceOverwrite = "true"
		Debug.AspNetCompiler.FixedNames = "false"
		Debug.AspNetCompiler.Debug = "True"
		Release.AspNetCompiler.VirtualPath = "/localhost_61738"
		Release.AspNetCompiler.PhysicalPath = "C:\Users\Yingjie\Desktop\新建文件夹\后台模板universe\dist\"
		Release.AspNetCompiler.TargetPath = "PrecompiledWeb\localhost_61738\"
		Release.AspNetCompiler.Updateable = "true"
		Release.AspNetCompiler.ForceOverwrite = "true"
		Release.AspNetCompiler.FixedNames = "false"
		Release.AspNetCompiler.Debug = "False"
		VWDPort = "61738"
		SlnRelativePath = "C:\Users\Yingjie\Desktop\新建文件夹\后台模板universe\dist\"
	EndProjectSection
EndProject
Project("{E24C65DC-7377-472B-9ABA-BC803B73C61A}") = "sb-admin-v2", "C:\Users\Yingjie\Desktop\新建文件夹\sb-admin-v2\", "{AC4CC9AA-C5F7-4475-9A0B-B7D38F779C0E}"
	ProjectSection(WebsiteProperties) = preProject
		TargetFrameworkMoniker = ".NETFramework,Version%3Dv4.0"
		Debug.AspNetCompiler.VirtualPath = "/localhost_51807"
		Debug.AspNetCompiler.PhysicalPath = "C:\Users\Yingjie\Desktop\新建文件夹\sb-admin-v2\"
		Debug.AspNetCompiler.TargetPath = "PrecompiledWeb\localhost_51807\"
		Debug.AspNetCompiler.Updateable = "true"
		Debug.AspNetCompiler.ForceOverwrite = "true"
		Debug.AspNetCompiler.FixedNames = "false"
		Debug.AspNetCompiler.Debug = "True"
		Release.AspNetCompiler.VirtualPath = "/localhost_51807"
		Release.AspNetCompiler.PhysicalPath = "C:\Users\Yingjie\Desktop\新建文件夹\sb-admin-v2\"
		Release.AspNetCompiler.TargetPath = "PrecompiledWeb\localhost_51807\"
		Release.AspNetCompiler.Updateable = "true"
		Release.AspNetCompiler.ForceOverwrite = "true"
		Release.AspNetCompiler.FixedNames = "false"
		Release.AspNetCompiler.Debug = "False"
		VWDPort = "51807"
		SlnRelativePath = "C:\Users\Yingjie\Desktop\新建文件夹\sb-admin-v2\"
	EndProjectSection
EndProject
Global
	GlobalSection(SolutionConfigurationPlatforms) = preSolution
		Debug|Any CPU = Debug|Any CPU
		Release|Any CPU = Release|Any CPU
	EndGlobalSection
	GlobalSection(ProjectConfigurationPlatforms) = postSolution
		{C183BD9A-418B-4250-A5ED-AC4B53F06CCF}.Debug|Any CPU.ActiveCfg = Debug|Any CPU
		{C183BD9A-418B-4250-A5ED-AC4B53F06CCF}.Debug|Any CPU.Build.0 = Debug|Any CPU
		{C183BD9A-418B-4250-A5ED-AC4B53F06CCF}.Release|Any CPU.ActiveCfg = Release|Any CPU
		{C183BD9A-418B-4250-A5ED-AC4B53F06CCF}.Release|Any CPU.Build.0 = Release|Any CPU
		{EF3478C4-3EA0-4637-8FAB-5BC7027377B0}.Debug|Any CPU.ActiveCfg = Debug|Any CPU
		{EF3478C4-3EA0-4637-8FAB-5BC7027377B0}.Debug|Any CPU.Build.0 = Debug|Any CPU
		{EF3478C4-3EA0-4637-8FAB-5BC7027377B0}.Release|Any CPU.ActiveCfg = Release|Any CPU
		{EF3478C4-3EA0-4637-8FAB-5BC7027377B0}.Release|Any CPU.Build.0 = Release|Any CPU
		{10036D33-4B48-4F97-BCE2-A35464B3F8FC}.Debug|Any CPU.ActiveCfg = Debug|Any CPU
		{10036D33-4B48-4F97-BCE2-A35464B3F8FC}.Debug|Any CPU.Build.0 = Debug|Any CPU
		{10036D33-4B48-4F97-BCE2-A35464B3F8FC}.Release|Any CPU.ActiveCfg = Release|Any CPU
		{10036D33-4B48-4F97-BCE2-A35464B3F8FC}.Release|Any CPU.Build.0 = Release|Any CPU
		{F7576B70-D539-47A8-9F85-52E71991A515}.Debug|Any CPU.ActiveCfg = Debug|Any CPU
		{F7576B70-D539-47A8-9F85-52E71991A515}.Debug|Any CPU.Build.0 = Debug|Any CPU
		{F7576B70-D539-47A8-9F85-52E71991A515}.Release|Any CPU.ActiveCfg = Debug|Any CPU
		{F7576B70-D539-47A8-9F85-52E71991A515}.Release|Any CPU.Build.0 = Debug|Any CPU
		{6CC13D43-4AA5-4F71-8CAA-6C056BDA3498}.Debug|Any CPU.ActiveCfg = Debug|Any CPU
		{6CC13D43-4AA5-4F71-8CAA-6C056BDA3498}.Debug|Any CPU.Build.0 = Debug|Any CPU
		{6CC13D43-4AA5-4F71-8CAA-6C056BDA3498}.Release|Any CPU.ActiveCfg = Release|Any CPU
		{6CC13D43-4AA5-4F71-8CAA-6C056BDA3498}.Release|Any CPU.Build.0 = Release|Any CPU
		{08226A34-7E71-421A-9391-AC3D57DB66F6}.Debug|Any CPU.ActiveCfg = Debug|Any CPU
		{08226A34-7E71-421A-9391-AC3D57DB66F6}.Debug|Any CPU.Build.0 = Debug|Any CPU
		{08226A34-7E71-421A-9391-AC3D57DB66F6}.Release|Any CPU.ActiveCfg = Release|Any CPU
		{08226A34-7E71-421A-9391-AC3D57DB66F6}.Release|Any CPU.Build.0 = Release|Any CPU
		{21590873-85C6-4FA0-857D-BD4A1335C85D}.Debug|Any CPU.ActiveCfg = Debug|Any CPU
		{21590873-85C6-4FA0-857D-BD4A1335C85D}.Debug|Any CPU.Build.0 = Debug|Any CPU
		{21590873-85C6-4FA0-857D-BD4A1335C85D}.Release|Any CPU.ActiveCfg = Debug|Any CPU
		{21590873-85C6-4FA0-857D-BD4A1335C85D}.Release|Any CPU.Build.0 = Debug|Any CPU
		{AC4CC9AA-C5F7-4475-9A0B-B7D38F779C0E}.Debug|Any CPU.ActiveCfg = Debug|Any CPU
		{AC4CC9AA-C5F7-4475-9A0B-B7D38F779C0E}.Debug|Any CPU.Build.0 = Debug|Any CPU
		{AC4CC9AA-C5F7-4475-9A0B-B7D38F779C0E}.Release|Any CPU.ActiveCfg = Debug|Any CPU
		{AC4CC9AA-C5F7-4475-9A0B-B7D38F779C0E}.Release|Any CPU.Build.0 = Debug|Any CPU
	EndGlobalSection
	GlobalSection(SolutionProperties) = preSolution
		HideSolutionNode = FALSE
	EndGlobalSection
	GlobalSection(ExtensibilityGlobals) = postSolution
		SolutionGuid = {1F6D7743-B1A9-49F2-887C-EA2C9D1AD810}
	EndGlobalSection
EndGlobal
