
Microsoft Visual Studio Solution File, Format Version 12.00
# Visual Studio 14
VisualStudioVersion = 14.0.25420.1
MinimumVisualStudioVersion = 10.0.40219.1
Project("{FAE04EC0-301F-11D3-BF4B-00C04F79EFBC}") = "Qx.Tools.Ioc.Unity", "Qx.Tools.Ioc.Unity\Qx.Tools.Ioc.Unity.csproj", "{8B717824-787E-4C94-A209-AD3D85705310}"
EndProject
Project("{FAE04EC0-301F-11D3-BF4B-00C04F79EFBC}") = "Web", "Web\Web.csproj", "{CEE973D5-3804-40BF-89DC-F3E48DA3FFFC}"
EndProject
Project("{2150E333-8FDC-42A3-9474-1A3956D46DE8}") = ".nuget", ".nuget", "{84C45C7F-DCC6-4F60-965C-3370BCC1F809}"
	ProjectSection(SolutionItems) = preProject
		.nuget\NuGet.Config = .nuget\NuGet.Config
		.nuget\NuGet.exe = .nuget\NuGet.exe
		.nuget\NuGet.targets = .nuget\NuGet.targets
	EndProjectSection
EndProject
Project("{2150E333-8FDC-42A3-9474-1A3956D46DE8}") = "FramWork", "FramWork", "{57735516-986A-4065-8AF7-D327172449F9}"
EndProject
Project("{FAE04EC0-301F-11D3-BF4B-00C04F79EFBC}") = "Qx.Account", "..\FramWork\Qx.Account\Qx.Account.csproj", "{F97113AB-39B6-4B3D-9C7A-B3E4162BB50E}"
EndProject
Project("{FAE04EC0-301F-11D3-BF4B-00C04F79EFBC}") = "Qx.Contents", "..\FramWork\Qx.Contents\Qx.Contents.csproj", "{1114166F-3E93-457E-85EF-0A5A3CEE7F35}"
EndProject
Project("{FAE04EC0-301F-11D3-BF4B-00C04F79EFBC}") = "Qx.Msg", "..\FramWork\Qx.Msg\Qx.Msg.csproj", "{84334A77-9BB2-4F9B-AF9D-ACABB56D5162}"
EndProject
Project("{FAE04EC0-301F-11D3-BF4B-00C04F79EFBC}") = "Qx.MsgTests", "..\FramWork\Qx.MsgTests\Qx.MsgTests.csproj", "{9F580D2E-C052-4307-B8B4-F2217D9211B6}"
EndProject
Project("{FAE04EC0-301F-11D3-BF4B-00C04F79EFBC}") = "Qx.Order", "..\FramWork\Qx.Order\Qx.Order.csproj", "{4C6F2CFE-3CCD-4229-8496-8C12BF02CB81}"
EndProject
Project("{FAE04EC0-301F-11D3-BF4B-00C04F79EFBC}") = "Qx.Org", "..\FramWork\Qx.Org\Qx.Org.csproj", "{C4DA04F1-8F45-474E-B2E3-BA06E4E534E3}"
EndProject
Project("{FAE04EC0-301F-11D3-BF4B-00C04F79EFBC}") = "Qx.Permission", "..\FramWork\Qx.Permission\Qx.Permission.csproj", "{358CC382-BE72-4B67-A003-6AF529032523}"
EndProject
Project("{FAE04EC0-301F-11D3-BF4B-00C04F79EFBC}") = "Qx.Tools", "..\FramWork\Qx.Tools\Qx.Tools.csproj", "{39913DC6-DBB8-41A8-A397-D531D4549AA1}"
EndProject
Project("{FAE04EC0-301F-11D3-BF4B-00C04F79EFBC}") = "Qx.Wechat", "..\FramWork\Qx.Wechat\Qx.Wechat.csproj", "{83D95916-E07F-4309-A0BC-DE7BEF970D6E}"
EndProject
Project("{FAE04EC0-301F-11D3-BF4B-00C04F79EFBC}") = "Qx.WorkFlow", "..\FramWork\Qx.WorkFlow\Qx.WorkFlow.csproj", "{ADBBA880-F593-4594-A63B-249959E33DDB}"
EndProject
Project("{2150E333-8FDC-42A3-9474-1A3956D46DE8}") = "Tool", "Tool", "{27FAEAFB-77A3-48E5-974E-0CC825623A8A}"
EndProject
Project("{FAE04EC0-301F-11D3-BF4B-00C04F79EFBC}") = "CodeTool", "CodeTool\CodeTool.csproj", "{6707780F-6367-4F95-AD81-CA87DFE05CF6}"
EndProject
Project("{FAE04EC0-301F-11D3-BF4B-00C04F79EFBC}") = "Qx.Report", "..\FramWork\Qx.Report\Qx.Report.csproj", "{1F0AA8A6-53B9-4670-9109-F7E06553F8FA}"
EndProject
Project("{FAE04EC0-301F-11D3-BF4B-00C04F79EFBC}") = "Test", "Test\Test.csproj", "{65757641-274E-4C79-B9D4-F04FBD400861}"
EndProject
Project("{FAE04EC0-301F-11D3-BF4B-00C04F79EFBC}") = "qx.permmision.v2", "..\FramWork\qx.permission.v2\qx.permmision.v2.csproj", "{51C18CB8-5E07-44B9-8AA5-ED3E6823D1F5}"
EndProject
Global
	GlobalSection(SolutionConfigurationPlatforms) = preSolution
		Debug|Any CPU = Debug|Any CPU
		Release|Any CPU = Release|Any CPU
	EndGlobalSection
	GlobalSection(ProjectConfigurationPlatforms) = postSolution
		{8B717824-787E-4C94-A209-AD3D85705310}.Debug|Any CPU.ActiveCfg = Debug|Any CPU
		{8B717824-787E-4C94-A209-AD3D85705310}.Debug|Any CPU.Build.0 = Debug|Any CPU
		{8B717824-787E-4C94-A209-AD3D85705310}.Release|Any CPU.ActiveCfg = Release|Any CPU
		{8B717824-787E-4C94-A209-AD3D85705310}.Release|Any CPU.Build.0 = Release|Any CPU
		{CEE973D5-3804-40BF-89DC-F3E48DA3FFFC}.Debug|Any CPU.ActiveCfg = Debug|Any CPU
		{CEE973D5-3804-40BF-89DC-F3E48DA3FFFC}.Debug|Any CPU.Build.0 = Debug|Any CPU
		{CEE973D5-3804-40BF-89DC-F3E48DA3FFFC}.Release|Any CPU.ActiveCfg = Release|Any CPU
		{CEE973D5-3804-40BF-89DC-F3E48DA3FFFC}.Release|Any CPU.Build.0 = Release|Any CPU
		{F97113AB-39B6-4B3D-9C7A-B3E4162BB50E}.Debug|Any CPU.ActiveCfg = Debug|Any CPU
		{F97113AB-39B6-4B3D-9C7A-B3E4162BB50E}.Debug|Any CPU.Build.0 = Debug|Any CPU
		{F97113AB-39B6-4B3D-9C7A-B3E4162BB50E}.Release|Any CPU.ActiveCfg = Release|Any CPU
		{F97113AB-39B6-4B3D-9C7A-B3E4162BB50E}.Release|Any CPU.Build.0 = Release|Any CPU
		{1114166F-3E93-457E-85EF-0A5A3CEE7F35}.Debug|Any CPU.ActiveCfg = Debug|Any CPU
		{1114166F-3E93-457E-85EF-0A5A3CEE7F35}.Debug|Any CPU.Build.0 = Debug|Any CPU
		{1114166F-3E93-457E-85EF-0A5A3CEE7F35}.Release|Any CPU.ActiveCfg = Release|Any CPU
		{1114166F-3E93-457E-85EF-0A5A3CEE7F35}.Release|Any CPU.Build.0 = Release|Any CPU
		{84334A77-9BB2-4F9B-AF9D-ACABB56D5162}.Debug|Any CPU.ActiveCfg = Debug|Any CPU
		{84334A77-9BB2-4F9B-AF9D-ACABB56D5162}.Debug|Any CPU.Build.0 = Debug|Any CPU
		{84334A77-9BB2-4F9B-AF9D-ACABB56D5162}.Release|Any CPU.ActiveCfg = Release|Any CPU
		{84334A77-9BB2-4F9B-AF9D-ACABB56D5162}.Release|Any CPU.Build.0 = Release|Any CPU
		{9F580D2E-C052-4307-B8B4-F2217D9211B6}.Debug|Any CPU.ActiveCfg = Debug|Any CPU
		{9F580D2E-C052-4307-B8B4-F2217D9211B6}.Debug|Any CPU.Build.0 = Debug|Any CPU
		{9F580D2E-C052-4307-B8B4-F2217D9211B6}.Release|Any CPU.ActiveCfg = Release|Any CPU
		{9F580D2E-C052-4307-B8B4-F2217D9211B6}.Release|Any CPU.Build.0 = Release|Any CPU
		{4C6F2CFE-3CCD-4229-8496-8C12BF02CB81}.Debug|Any CPU.ActiveCfg = Debug|Any CPU
		{4C6F2CFE-3CCD-4229-8496-8C12BF02CB81}.Debug|Any CPU.Build.0 = Debug|Any CPU
		{4C6F2CFE-3CCD-4229-8496-8C12BF02CB81}.Release|Any CPU.ActiveCfg = Release|Any CPU
		{4C6F2CFE-3CCD-4229-8496-8C12BF02CB81}.Release|Any CPU.Build.0 = Release|Any CPU
		{C4DA04F1-8F45-474E-B2E3-BA06E4E534E3}.Debug|Any CPU.ActiveCfg = Debug|Any CPU
		{C4DA04F1-8F45-474E-B2E3-BA06E4E534E3}.Debug|Any CPU.Build.0 = Debug|Any CPU
		{C4DA04F1-8F45-474E-B2E3-BA06E4E534E3}.Release|Any CPU.ActiveCfg = Release|Any CPU
		{C4DA04F1-8F45-474E-B2E3-BA06E4E534E3}.Release|Any CPU.Build.0 = Release|Any CPU
		{358CC382-BE72-4B67-A003-6AF529032523}.Debug|Any CPU.ActiveCfg = Debug|Any CPU
		{358CC382-BE72-4B67-A003-6AF529032523}.Debug|Any CPU.Build.0 = Debug|Any CPU
		{358CC382-BE72-4B67-A003-6AF529032523}.Release|Any CPU.ActiveCfg = Release|Any CPU
		{358CC382-BE72-4B67-A003-6AF529032523}.Release|Any CPU.Build.0 = Release|Any CPU
		{39913DC6-DBB8-41A8-A397-D531D4549AA1}.Debug|Any CPU.ActiveCfg = Debug|Any CPU
		{39913DC6-DBB8-41A8-A397-D531D4549AA1}.Debug|Any CPU.Build.0 = Debug|Any CPU
		{39913DC6-DBB8-41A8-A397-D531D4549AA1}.Release|Any CPU.ActiveCfg = Release|Any CPU
		{39913DC6-DBB8-41A8-A397-D531D4549AA1}.Release|Any CPU.Build.0 = Release|Any CPU
		{83D95916-E07F-4309-A0BC-DE7BEF970D6E}.Debug|Any CPU.ActiveCfg = Debug|Any CPU
		{83D95916-E07F-4309-A0BC-DE7BEF970D6E}.Debug|Any CPU.Build.0 = Debug|Any CPU
		{83D95916-E07F-4309-A0BC-DE7BEF970D6E}.Release|Any CPU.ActiveCfg = Release|Any CPU
		{83D95916-E07F-4309-A0BC-DE7BEF970D6E}.Release|Any CPU.Build.0 = Release|Any CPU
		{ADBBA880-F593-4594-A63B-249959E33DDB}.Debug|Any CPU.ActiveCfg = Debug|Any CPU
		{ADBBA880-F593-4594-A63B-249959E33DDB}.Debug|Any CPU.Build.0 = Debug|Any CPU
		{ADBBA880-F593-4594-A63B-249959E33DDB}.Release|Any CPU.ActiveCfg = Release|Any CPU
		{ADBBA880-F593-4594-A63B-249959E33DDB}.Release|Any CPU.Build.0 = Release|Any CPU
		{6707780F-6367-4F95-AD81-CA87DFE05CF6}.Debug|Any CPU.ActiveCfg = Debug|Any CPU
		{6707780F-6367-4F95-AD81-CA87DFE05CF6}.Debug|Any CPU.Build.0 = Debug|Any CPU
		{6707780F-6367-4F95-AD81-CA87DFE05CF6}.Release|Any CPU.ActiveCfg = Release|Any CPU
		{6707780F-6367-4F95-AD81-CA87DFE05CF6}.Release|Any CPU.Build.0 = Release|Any CPU
		{1F0AA8A6-53B9-4670-9109-F7E06553F8FA}.Debug|Any CPU.ActiveCfg = Debug|Any CPU
		{1F0AA8A6-53B9-4670-9109-F7E06553F8FA}.Debug|Any CPU.Build.0 = Debug|Any CPU
		{1F0AA8A6-53B9-4670-9109-F7E06553F8FA}.Release|Any CPU.ActiveCfg = Release|Any CPU
		{1F0AA8A6-53B9-4670-9109-F7E06553F8FA}.Release|Any CPU.Build.0 = Release|Any CPU
		{65757641-274E-4C79-B9D4-F04FBD400861}.Debug|Any CPU.ActiveCfg = Debug|Any CPU
		{65757641-274E-4C79-B9D4-F04FBD400861}.Debug|Any CPU.Build.0 = Debug|Any CPU
		{65757641-274E-4C79-B9D4-F04FBD400861}.Release|Any CPU.ActiveCfg = Release|Any CPU
		{65757641-274E-4C79-B9D4-F04FBD400861}.Release|Any CPU.Build.0 = Release|Any CPU
		{51C18CB8-5E07-44B9-8AA5-ED3E6823D1F5}.Debug|Any CPU.ActiveCfg = Debug|Any CPU
		{51C18CB8-5E07-44B9-8AA5-ED3E6823D1F5}.Debug|Any CPU.Build.0 = Debug|Any CPU
		{51C18CB8-5E07-44B9-8AA5-ED3E6823D1F5}.Release|Any CPU.ActiveCfg = Release|Any CPU
		{51C18CB8-5E07-44B9-8AA5-ED3E6823D1F5}.Release|Any CPU.Build.0 = Release|Any CPU
	EndGlobalSection
	GlobalSection(SolutionProperties) = preSolution
		HideSolutionNode = FALSE
	EndGlobalSection
	GlobalSection(NestedProjects) = preSolution
		{F97113AB-39B6-4B3D-9C7A-B3E4162BB50E} = {57735516-986A-4065-8AF7-D327172449F9}
		{1114166F-3E93-457E-85EF-0A5A3CEE7F35} = {57735516-986A-4065-8AF7-D327172449F9}
		{84334A77-9BB2-4F9B-AF9D-ACABB56D5162} = {57735516-986A-4065-8AF7-D327172449F9}
		{9F580D2E-C052-4307-B8B4-F2217D9211B6} = {57735516-986A-4065-8AF7-D327172449F9}
		{4C6F2CFE-3CCD-4229-8496-8C12BF02CB81} = {57735516-986A-4065-8AF7-D327172449F9}
		{C4DA04F1-8F45-474E-B2E3-BA06E4E534E3} = {57735516-986A-4065-8AF7-D327172449F9}
		{358CC382-BE72-4B67-A003-6AF529032523} = {57735516-986A-4065-8AF7-D327172449F9}
		{39913DC6-DBB8-41A8-A397-D531D4549AA1} = {57735516-986A-4065-8AF7-D327172449F9}
		{83D95916-E07F-4309-A0BC-DE7BEF970D6E} = {57735516-986A-4065-8AF7-D327172449F9}
		{ADBBA880-F593-4594-A63B-249959E33DDB} = {57735516-986A-4065-8AF7-D327172449F9}
		{6707780F-6367-4F95-AD81-CA87DFE05CF6} = {27FAEAFB-77A3-48E5-974E-0CC825623A8A}
		{1F0AA8A6-53B9-4670-9109-F7E06553F8FA} = {57735516-986A-4065-8AF7-D327172449F9}
		{65757641-274E-4C79-B9D4-F04FBD400861} = {27FAEAFB-77A3-48E5-974E-0CC825623A8A}
		{51C18CB8-5E07-44B9-8AA5-ED3E6823D1F5} = {57735516-986A-4065-8AF7-D327172449F9}
	EndGlobalSection
EndGlobal
